PODS:
  - AppAuth (1.7.6):
    - AppAuth/Core (= 1.7.6)
    - AppAuth/ExternalUserAgent (= 1.7.6)
  - AppAuth/Core (1.7.6)
  - AppAuth/ExternalUserAgent (1.7.6):
    - AppAuth/Core
  - AppsFlyerFramework (6.16.2):
    - AppsFlyerFramework/Main (= 6.16.2)
  - AppsFlyerFramework/Main (6.16.2)
  - boost (1.76.0)
  - BVLinearGradient (2.8.3):
    - React-Core
  - DoubleConversion (1.1.6)
  - FBLazyVector (0.72.11)
  - FBReactNativeSpec (0.72.11):
    - RCT-Folly (= 2021.07.22.00)
    - RCTRequired (= 0.72.11)
    - RCTTypeSafety (= 0.72.11)
    - React-Core (= 0.72.11)
    - React-jsi (= 0.72.11)
    - ReactCommon/turbomodule/core (= 0.72.11)
  - Firebase/Analytics (10.29.0):
    - Firebase/Core
  - Firebase/Auth (10.29.0):
    - Firebase/CoreOnly
    - FirebaseAuth (~> 10.29.0)
  - Firebase/Core (10.29.0):
    - Firebase/CoreOnly
    - FirebaseAnalytics (~> 10.29.0)
  - Firebase/CoreOnly (10.29.0):
    - FirebaseCore (= 10.29.0)
  - FirebaseAnalytics (10.29.0):
    - FirebaseAnalytics/AdIdSupport (= 10.29.0)
    - FirebaseCore (~> 10.0)
    - FirebaseInstallations (~> 10.0)
    - GoogleUtilities/AppDelegateSwizzler (~> 7.11)
    - GoogleUtilities/MethodSwizzler (~> 7.11)
    - GoogleUtilities/Network (~> 7.11)
    - "GoogleUtilities/NSData+zlib (~> 7.11)"
    - nanopb (< 2.30911.0, >= 2.30908.0)
  - FirebaseAnalytics/AdIdSupport (10.29.0):
    - FirebaseCore (~> 10.0)
    - FirebaseInstallations (~> 10.0)
    - GoogleAppMeasurement (= 10.29.0)
    - GoogleUtilities/AppDelegateSwizzler (~> 7.11)
    - GoogleUtilities/MethodSwizzler (~> 7.11)
    - GoogleUtilities/Network (~> 7.11)
    - "GoogleUtilities/NSData+zlib (~> 7.11)"
    - nanopb (< 2.30911.0, >= 2.30908.0)
  - FirebaseAppCheckInterop (10.29.0)
  - FirebaseAuth (10.29.0):
    - FirebaseAppCheckInterop (~> 10.17)
    - FirebaseCore (~> 10.0)
    - GoogleUtilities/AppDelegateSwizzler (~> 7.8)
    - GoogleUtilities/Environment (~> 7.8)
    - GTMSessionFetcher/Core (< 4.0, >= 2.1)
    - RecaptchaInterop (~> 100.0)
  - FirebaseCore (10.29.0):
    - FirebaseCoreInternal (~> 10.0)
    - GoogleUtilities/Environment (~> 7.12)
    - GoogleUtilities/Logger (~> 7.12)
  - FirebaseCoreInternal (10.29.0):
    - "GoogleUtilities/NSData+zlib (~> 7.8)"
  - FirebaseInstallations (10.29.0):
    - FirebaseCore (~> 10.0)
    - GoogleUtilities/Environment (~> 7.8)
    - GoogleUtilities/UserDefaults (~> 7.8)
    - PromisesObjC (~> 2.1)
  - fmt (6.2.1)
  - glog (0.3.5)
  - Google-Maps-iOS-Utils (4.2.2):
    - Google-Maps-iOS-Utils/Clustering (= 4.2.2)
    - Google-Maps-iOS-Utils/Geometry (= 4.2.2)
    - Google-Maps-iOS-Utils/GeometryUtils (= 4.2.2)
    - Google-Maps-iOS-Utils/Heatmap (= 4.2.2)
    - Google-Maps-iOS-Utils/QuadTree (= 4.2.2)
    - GoogleMaps (~> 7.3)
  - Google-Maps-iOS-Utils/Clustering (4.2.2):
    - Google-Maps-iOS-Utils/QuadTree
    - GoogleMaps (~> 7.3)
  - Google-Maps-iOS-Utils/Geometry (4.2.2):
    - GoogleMaps (~> 7.3)
  - Google-Maps-iOS-Utils/GeometryUtils (4.2.2):
    - GoogleMaps (~> 7.3)
  - Google-Maps-iOS-Utils/Heatmap (4.2.2):
    - Google-Maps-iOS-Utils/QuadTree
    - GoogleMaps (~> 7.3)
  - Google-Maps-iOS-Utils/QuadTree (4.2.2):
    - GoogleMaps (~> 7.3)
  - GoogleAppMeasurement (10.29.0):
    - GoogleAppMeasurement/AdIdSupport (= 10.29.0)
    - GoogleUtilities/AppDelegateSwizzler (~> 7.11)
    - GoogleUtilities/MethodSwizzler (~> 7.11)
    - GoogleUtilities/Network (~> 7.11)
    - "GoogleUtilities/NSData+zlib (~> 7.11)"
    - nanopb (< 2.30911.0, >= 2.30908.0)
  - GoogleAppMeasurement/AdIdSupport (10.29.0):
    - GoogleAppMeasurement/WithoutAdIdSupport (= 10.29.0)
    - GoogleUtilities/AppDelegateSwizzler (~> 7.11)
    - GoogleUtilities/MethodSwizzler (~> 7.11)
    - GoogleUtilities/Network (~> 7.11)
    - "GoogleUtilities/NSData+zlib (~> 7.11)"
    - nanopb (< 2.30911.0, >= 2.30908.0)
  - GoogleAppMeasurement/WithoutAdIdSupport (10.29.0):
    - GoogleUtilities/AppDelegateSwizzler (~> 7.11)
    - GoogleUtilities/MethodSwizzler (~> 7.11)
    - GoogleUtilities/Network (~> 7.11)
    - "GoogleUtilities/NSData+zlib (~> 7.11)"
    - nanopb (< 2.30911.0, >= 2.30908.0)
  - GoogleMaps (7.4.0):
    - GoogleMaps/Maps (= 7.4.0)
  - GoogleMaps/Base (7.4.0)
  - GoogleMaps/Maps (7.4.0):
    - GoogleMaps/Base
  - GoogleSignIn (7.1.0):
    - AppAuth (< 2.0, >= 1.7.3)
    - GTMAppAuth (< 5.0, >= 4.1.1)
    - GTMSessionFetcher/Core (~> 3.3)
  - GoogleUtilities/AppDelegateSwizzler (7.13.3):
    - GoogleUtilities/Environment
    - GoogleUtilities/Logger
    - GoogleUtilities/Network
    - GoogleUtilities/Privacy
  - GoogleUtilities/Environment (7.13.3):
    - GoogleUtilities/Privacy
    - PromisesObjC (< 3.0, >= 1.2)
  - GoogleUtilities/Logger (7.13.3):
    - GoogleUtilities/Environment
    - GoogleUtilities/Privacy
  - GoogleUtilities/MethodSwizzler (7.13.3):
    - GoogleUtilities/Logger
    - GoogleUtilities/Privacy
  - GoogleUtilities/Network (7.13.3):
    - GoogleUtilities/Logger
    - "GoogleUtilities/NSData+zlib"
    - GoogleUtilities/Privacy
    - GoogleUtilities/Reachability
  - "GoogleUtilities/NSData+zlib (7.13.3)":
    - GoogleUtilities/Privacy
  - GoogleUtilities/Privacy (7.13.3)
  - GoogleUtilities/Reachability (7.13.3):
    - GoogleUtilities/Logger
    - GoogleUtilities/Privacy
  - GoogleUtilities/UserDefaults (7.13.3):
    - GoogleUtilities/Logger
    - GoogleUtilities/Privacy
  - GTMAppAuth (4.1.1):
    - AppAuth/Core (~> 1.7)
    - GTMSessionFetcher/Core (< 4.0, >= 3.3)
  - GTMSessionFetcher/Core (3.5.0)
  - hermes-engine (0.72.11):
    - hermes-engine/Pre-built (= 0.72.11)
  - hermes-engine/Pre-built (0.72.11)
  - libevent (2.1.12)
  - MMKV (2.1.0):
    - MMKVCore (~> 2.1.0)
  - MMKVCore (2.1.1)
  - nanopb (2.30910.0):
    - nanopb/decode (= 2.30910.0)
    - nanopb/encode (= 2.30910.0)
  - nanopb/decode (2.30910.0)
  - nanopb/encode (2.30910.0)
  - OneSignalXCFramework (5.2.4):
    - OneSignalXCFramework/OneSignalComplete (= 5.2.4)
  - OneSignalXCFramework/OneSignal (5.2.4):
    - OneSignalXCFramework/OneSignalCore
    - OneSignalXCFramework/OneSignalExtension
    - OneSignalXCFramework/OneSignalLiveActivities
    - OneSignalXCFramework/OneSignalNotifications
    - OneSignalXCFramework/OneSignalOSCore
    - OneSignalXCFramework/OneSignalOutcomes
    - OneSignalXCFramework/OneSignalUser
  - OneSignalXCFramework/OneSignalComplete (5.2.4):
    - OneSignalXCFramework/OneSignal
    - OneSignalXCFramework/OneSignalInAppMessages
    - OneSignalXCFramework/OneSignalLocation
  - OneSignalXCFramework/OneSignalCore (5.2.4)
  - OneSignalXCFramework/OneSignalExtension (5.2.4):
    - OneSignalXCFramework/OneSignalCore
    - OneSignalXCFramework/OneSignalOutcomes
  - OneSignalXCFramework/OneSignalInAppMessages (5.2.4):
    - OneSignalXCFramework/OneSignalCore
    - OneSignalXCFramework/OneSignalNotifications
    - OneSignalXCFramework/OneSignalOSCore
    - OneSignalXCFramework/OneSignalOutcomes
    - OneSignalXCFramework/OneSignalUser
  - OneSignalXCFramework/OneSignalLiveActivities (5.2.4):
    - OneSignalXCFramework/OneSignalCore
    - OneSignalXCFramework/OneSignalOSCore
    - OneSignalXCFramework/OneSignalUser
  - OneSignalXCFramework/OneSignalLocation (5.2.4):
    - OneSignalXCFramework/OneSignalCore
    - OneSignalXCFramework/OneSignalNotifications
    - OneSignalXCFramework/OneSignalOSCore
    - OneSignalXCFramework/OneSignalUser
  - OneSignalXCFramework/OneSignalNotifications (5.2.4):
    - OneSignalXCFramework/OneSignalCore
    - OneSignalXCFramework/OneSignalExtension
    - OneSignalXCFramework/OneSignalOutcomes
  - OneSignalXCFramework/OneSignalOSCore (5.2.4):
    - OneSignalXCFramework/OneSignalCore
  - OneSignalXCFramework/OneSignalOutcomes (5.2.4):
    - OneSignalXCFramework/OneSignalCore
  - OneSignalXCFramework/OneSignalUser (5.2.4):
    - OneSignalXCFramework/OneSignalCore
    - OneSignalXCFramework/OneSignalNotifications
    - OneSignalXCFramework/OneSignalOSCore
    - OneSignalXCFramework/OneSignalOutcomes
  - Permission-LocationAlways (3.10.0):
    - RNPermissions
  - Permission-LocationWhenInUse (3.10.0):
    - RNPermissions
  - PromisesObjC (2.4.0)
  - RCT-Folly (2021.07.22.00):
    - boost
    - DoubleConversion
    - fmt (~> 6.2.1)
    - glog
    - RCT-Folly/Default (= 2021.07.22.00)
  - RCT-Folly/Default (2021.07.22.00):
    - boost
    - DoubleConversion
    - fmt (~> 6.2.1)
    - glog
  - RCT-Folly/Futures (2021.07.22.00):
    - boost
    - DoubleConversion
    - fmt (~> 6.2.1)
    - glog
    - libevent
  - RCTRequired (0.72.11)
  - RCTTypeSafety (0.72.11):
    - FBLazyVector (= 0.72.11)
    - RCTRequired (= 0.72.11)
    - React-Core (= 0.72.11)
  - React (0.72.11):
    - React-Core (= 0.72.11)
    - React-Core/DevSupport (= 0.72.11)
    - React-Core/RCTWebSocket (= 0.72.11)
    - React-RCTActionSheet (= 0.72.11)
    - React-RCTAnimation (= 0.72.11)
    - React-RCTBlob (= 0.72.11)
    - React-RCTImage (= 0.72.11)
    - React-RCTLinking (= 0.72.11)
    - React-RCTNetwork (= 0.72.11)
    - React-RCTSettings (= 0.72.11)
    - React-RCTText (= 0.72.11)
    - React-RCTVibration (= 0.72.11)
  - React-callinvoker (0.72.11)
  - React-Codegen (0.72.11):
    - DoubleConversion
    - FBReactNativeSpec
    - glog
    - hermes-engine
    - RCT-Folly
    - RCTRequired
    - RCTTypeSafety
    - React-Core
    - React-jsi
    - React-jsiexecutor
    - React-NativeModulesApple
    - React-rncore
    - ReactCommon/turbomodule/bridging
    - ReactCommon/turbomodule/core
  - React-Core (0.72.11):
    - glog
    - hermes-engine
    - RCT-Folly (= 2021.07.22.00)
    - React-Core/Default (= 0.72.11)
    - React-cxxreact
    - React-hermes
    - React-jsi
    - React-jsiexecutor
    - React-perflogger
    - React-runtimeexecutor
    - React-utils
    - SocketRocket (= 0.6.1)
    - Yoga
  - React-Core/CoreModulesHeaders (0.72.11):
    - glog
    - hermes-engine
    - RCT-Folly (= 2021.07.22.00)
    - React-Core/Default
    - React-cxxreact
    - React-hermes
    - React-jsi
    - React-jsiexecutor
    - React-perflogger
    - React-runtimeexecutor
    - React-utils
    - SocketRocket (= 0.6.1)
    - Yoga
  - React-Core/Default (0.72.11):
    - glog
    - hermes-engine
    - RCT-Folly (= 2021.07.22.00)
    - React-cxxreact
    - React-hermes
    - React-jsi
    - React-jsiexecutor
    - React-perflogger
    - React-runtimeexecutor
    - React-utils
    - SocketRocket (= 0.6.1)
    - Yoga
  - React-Core/DevSupport (0.72.11):
    - glog
    - hermes-engine
    - RCT-Folly (= 2021.07.22.00)
    - React-Core/Default (= 0.72.11)
    - React-Core/RCTWebSocket (= 0.72.11)
    - React-cxxreact
    - React-hermes
    - React-jsi
    - React-jsiexecutor
    - React-jsinspector (= 0.72.11)
    - React-perflogger
    - React-runtimeexecutor
    - React-utils
    - SocketRocket (= 0.6.1)
    - Yoga
  - React-Core/RCTActionSheetHeaders (0.72.11):
    - glog
    - hermes-engine
    - RCT-Folly (= 2021.07.22.00)
    - React-Core/Default
    - React-cxxreact
    - React-hermes
    - React-jsi
    - React-jsiexecutor
    - React-perflogger
    - React-runtimeexecutor
    - React-utils
    - SocketRocket (= 0.6.1)
    - Yoga
  - React-Core/RCTAnimationHeaders (0.72.11):
    - glog
    - hermes-engine
    - RCT-Folly (= 2021.07.22.00)
    - React-Core/Default
    - React-cxxreact
    - React-hermes
    - React-jsi
    - React-jsiexecutor
    - React-perflogger
    - React-runtimeexecutor
    - React-utils
    - SocketRocket (= 0.6.1)
    - Yoga
  - React-Core/RCTBlobHeaders (0.72.11):
    - glog
    - hermes-engine
    - RCT-Folly (= 2021.07.22.00)
    - React-Core/Default
    - React-cxxreact
    - React-hermes
    - React-jsi
    - React-jsiexecutor
    - React-perflogger
    - React-runtimeexecutor
    - React-utils
    - SocketRocket (= 0.6.1)
    - Yoga
  - React-Core/RCTImageHeaders (0.72.11):
    - glog
    - hermes-engine
    - RCT-Folly (= 2021.07.22.00)
    - React-Core/Default
    - React-cxxreact
    - React-hermes
    - React-jsi
    - React-jsiexecutor
    - React-perflogger
    - React-runtimeexecutor
    - React-utils
    - SocketRocket (= 0.6.1)
    - Yoga
  - React-Core/RCTLinkingHeaders (0.72.11):
    - glog
    - hermes-engine
    - RCT-Folly (= 2021.07.22.00)
    - React-Core/Default
    - React-cxxreact
    - React-hermes
    - React-jsi
    - React-jsiexecutor
    - React-perflogger
    - React-runtimeexecutor
    - React-utils
    - SocketRocket (= 0.6.1)
    - Yoga
  - React-Core/RCTNetworkHeaders (0.72.11):
    - glog
    - hermes-engine
    - RCT-Folly (= 2021.07.22.00)
    - React-Core/Default
    - React-cxxreact
    - React-hermes
    - React-jsi
    - React-jsiexecutor
    - React-perflogger
    - React-runtimeexecutor
    - React-utils
    - SocketRocket (= 0.6.1)
    - Yoga
  - React-Core/RCTSettingsHeaders (0.72.11):
    - glog
    - hermes-engine
    - RCT-Folly (= 2021.07.22.00)
    - React-Core/Default
    - React-cxxreact
    - React-hermes
    - React-jsi
    - React-jsiexecutor
    - React-perflogger
    - React-runtimeexecutor
    - React-utils
    - SocketRocket (= 0.6.1)
    - Yoga
  - React-Core/RCTTextHeaders (0.72.11):
    - glog
    - hermes-engine
    - RCT-Folly (= 2021.07.22.00)
    - React-Core/Default
    - React-cxxreact
    - React-hermes
    - React-jsi
    - React-jsiexecutor
    - React-perflogger
    - React-runtimeexecutor
    - React-utils
    - SocketRocket (= 0.6.1)
    - Yoga
  - React-Core/RCTVibrationHeaders (0.72.11):
    - glog
    - hermes-engine
    - RCT-Folly (= 2021.07.22.00)
    - React-Core/Default
    - React-cxxreact
    - React-hermes
    - React-jsi
    - React-jsiexecutor
    - React-perflogger
    - React-runtimeexecutor
    - React-utils
    - SocketRocket (= 0.6.1)
    - Yoga
  - React-Core/RCTWebSocket (0.72.11):
    - glog
    - hermes-engine
    - RCT-Folly (= 2021.07.22.00)
    - React-Core/Default (= 0.72.11)
    - React-cxxreact
    - React-hermes
    - React-jsi
    - React-jsiexecutor
    - React-perflogger
    - React-runtimeexecutor
    - React-utils
    - SocketRocket (= 0.6.1)
    - Yoga
  - React-CoreModules (0.72.11):
    - RCT-Folly (= 2021.07.22.00)
    - RCTTypeSafety (= 0.72.11)
    - React-Codegen (= 0.72.11)
    - React-Core/CoreModulesHeaders (= 0.72.11)
    - React-jsi (= 0.72.11)
    - React-RCTBlob
    - React-RCTImage (= 0.72.11)
    - ReactCommon/turbomodule/core (= 0.72.11)
    - SocketRocket (= 0.6.1)
  - React-cxxreact (0.72.11):
    - boost (= 1.76.0)
    - DoubleConversion
    - glog
    - hermes-engine
    - RCT-Folly (= 2021.07.22.00)
    - React-callinvoker (= 0.72.11)
    - React-debug (= 0.72.11)
    - React-jsi (= 0.72.11)
    - React-jsinspector (= 0.72.11)
    - React-logger (= 0.72.11)
    - React-perflogger (= 0.72.11)
    - React-runtimeexecutor (= 0.72.11)
  - React-debug (0.72.11)
  - React-hermes (0.72.11):
    - DoubleConversion
    - glog
    - hermes-engine
    - RCT-Folly (= 2021.07.22.00)
    - RCT-Folly/Futures (= 2021.07.22.00)
    - React-cxxreact (= 0.72.11)
    - React-jsi
    - React-jsiexecutor (= 0.72.11)
    - React-jsinspector (= 0.72.11)
    - React-perflogger (= 0.72.11)
  - React-jsi (0.72.11):
    - boost (= 1.76.0)
    - DoubleConversion
    - glog
    - hermes-engine
    - RCT-Folly (= 2021.07.22.00)
  - React-jsiexecutor (0.72.11):
    - DoubleConversion
    - glog
    - hermes-engine
    - RCT-Folly (= 2021.07.22.00)
    - React-cxxreact (= 0.72.11)
    - React-jsi (= 0.72.11)
    - React-perflogger (= 0.72.11)
  - React-jsinspector (0.72.11)
  - React-logger (0.72.11):
    - glog
  - react-native-appsflyer (6.16.2):
    - AppsFlyerFramework (= 6.16.2)
    - React
  - react-native-date-picker (5.0.7):
    - React-Core
  - react-native-geolocation (3.2.0):
    - RCT-Folly (= 2021.07.22.00)
    - React-Core
  - react-native-geolocation-service (5.3.1):
    - React
  - react-native-google-maps (1.15.1):
    - Google-Maps-iOS-Utils (= 4.2.2)
    - GoogleMaps (= 7.4.0)
    - React-Core
  - react-native-maps (1.15.1):
    - React-Core
  - react-native-mmkv (2.12.2):
    - MMKV (>= 1.3.3)
    - RCT-Folly (= 2021.07.22.00)
    - React-Core
  - react-native-netinfo (11.3.1):
    - React-Core
  - react-native-onesignal (5.2.4):
    - OneSignalXCFramework (= 5.2.4)
    - React (< 1.0.0, >= 0.13.0)
  - react-native-pager-view (6.2.3):
    - RCT-Folly (= 2021.07.22.00)
    - React-Core
  - react-native-safe-area-context (4.9.0):
    - React-Core
  - react-native-webview (13.10.0):
    - RCT-Folly (= 2021.07.22.00)
    - React-Core
  - react-native-zendesk-messaging (0.2.1):
    - React-Core
    - ZendeskSDKMessaging (= 2.13.0)
  - React-NativeModulesApple (0.72.11):
    - hermes-engine
    - React-callinvoker
    - React-Core
    - React-cxxreact
    - React-jsi
    - React-runtimeexecutor
    - ReactCommon/turbomodule/bridging
    - ReactCommon/turbomodule/core
  - React-perflogger (0.72.11)
  - React-RCTActionSheet (0.72.11):
    - React-Core/RCTActionSheetHeaders (= 0.72.11)
  - React-RCTAnimation (0.72.11):
    - RCT-Folly (= 2021.07.22.00)
    - RCTTypeSafety (= 0.72.11)
    - React-Codegen (= 0.72.11)
    - React-Core/RCTAnimationHeaders (= 0.72.11)
    - React-jsi (= 0.72.11)
    - ReactCommon/turbomodule/core (= 0.72.11)
  - React-RCTAppDelegate (0.72.11):
    - RCT-Folly
    - RCTRequired
    - RCTTypeSafety
    - React-Core
    - React-CoreModules
    - React-hermes
    - React-NativeModulesApple
    - React-RCTImage
    - React-RCTNetwork
    - React-runtimescheduler
    - ReactCommon/turbomodule/core
  - React-RCTBlob (0.72.11):
    - hermes-engine
    - RCT-Folly (= 2021.07.22.00)
    - React-Codegen (= 0.72.11)
    - React-Core/RCTBlobHeaders (= 0.72.11)
    - React-Core/RCTWebSocket (= 0.72.11)
    - React-jsi (= 0.72.11)
    - React-RCTNetwork (= 0.72.11)
    - ReactCommon/turbomodule/core (= 0.72.11)
  - React-RCTImage (0.72.11):
    - RCT-Folly (= 2021.07.22.00)
    - RCTTypeSafety (= 0.72.11)
    - React-Codegen (= 0.72.11)
    - React-Core/RCTImageHeaders (= 0.72.11)
    - React-jsi (= 0.72.11)
    - React-RCTNetwork (= 0.72.11)
    - ReactCommon/turbomodule/core (= 0.72.11)
  - React-RCTLinking (0.72.11):
    - React-Codegen (= 0.72.11)
    - React-Core/RCTLinkingHeaders (= 0.72.11)
    - React-jsi (= 0.72.11)
    - ReactCommon/turbomodule/core (= 0.72.11)
  - React-RCTNetwork (0.72.11):
    - RCT-Folly (= 2021.07.22.00)
    - RCTTypeSafety (= 0.72.11)
    - React-Codegen (= 0.72.11)
    - React-Core/RCTNetworkHeaders (= 0.72.11)
    - React-jsi (= 0.72.11)
    - ReactCommon/turbomodule/core (= 0.72.11)
  - React-RCTSettings (0.72.11):
    - RCT-Folly (= 2021.07.22.00)
    - RCTTypeSafety (= 0.72.11)
    - React-Codegen (= 0.72.11)
    - React-Core/RCTSettingsHeaders (= 0.72.11)
    - React-jsi (= 0.72.11)
    - ReactCommon/turbomodule/core (= 0.72.11)
  - React-RCTText (0.72.11):
    - React-Core/RCTTextHeaders (= 0.72.11)
  - React-RCTVibration (0.72.11):
    - RCT-Folly (= 2021.07.22.00)
    - React-Codegen (= 0.72.11)
    - React-Core/RCTVibrationHeaders (= 0.72.11)
    - React-jsi (= 0.72.11)
    - ReactCommon/turbomodule/core (= 0.72.11)
  - React-rncore (0.72.11)
  - React-runtimeexecutor (0.72.11):
    - React-jsi (= 0.72.11)
  - React-runtimescheduler (0.72.11):
    - glog
    - hermes-engine
    - RCT-Folly (= 2021.07.22.00)
    - React-callinvoker
    - React-debug
    - React-jsi
    - React-runtimeexecutor
  - React-utils (0.72.11):
    - glog
    - RCT-Folly (= 2021.07.22.00)
    - React-debug
  - ReactCommon/turbomodule/bridging (0.72.11):
    - DoubleConversion
    - glog
    - hermes-engine
    - RCT-Folly (= 2021.07.22.00)
    - React-callinvoker (= 0.72.11)
    - React-cxxreact (= 0.72.11)
    - React-jsi (= 0.72.11)
    - React-logger (= 0.72.11)
    - React-perflogger (= 0.72.11)
  - ReactCommon/turbomodule/core (0.72.11):
    - DoubleConversion
    - glog
    - hermes-engine
    - RCT-Folly (= 2021.07.22.00)
    - React-callinvoker (= 0.72.11)
    - React-cxxreact (= 0.72.11)
    - React-jsi (= 0.72.11)
    - React-logger (= 0.72.11)
    - React-perflogger (= 0.72.11)
  - ReactNativeAvoidSoftinput (5.0.0):
    - RCT-Folly (= 2021.07.22.00)
    - React-Core
  - ReactNativeGetLocation (4.0.1):
    - React-Core
  - RecaptchaInterop (100.0.0)
  - RNAppleAuthentication (2.4.0):
    - React-Core
  - RNBootSplash (6.1.3):
    - React-Core
  - RNCAsyncStorage (2.1.2):
    - React-Core
  - RNCClipboard (1.16.2):
    - React-Core
  - RNCMaskedView (0.3.1):
    - React-Core
  - RNDeviceInfo (10.13.1):
    - React-Core
  - RNFBAnalytics (21.0.0):
    - Firebase/Analytics (= 10.29.0)
    - React-Core
    - RNFBApp
  - RNFBApp (21.0.0):
    - Firebase/CoreOnly (= 10.29.0)
    - React-Core
  - RNFBAuth (21.0.0):
    - Firebase/Auth (= 10.29.0)
    - React-Core
    - RNFBApp
  - RNGoogleSignin (13.1.0):
    - GoogleSignIn (~> 7.1)
    - React-Core
  - RNKeychain (8.2.0):
    - React-Core
  - RNPermissions (3.10.0):
    - React-Core
  - RNScreens (3.29.0):
    - RCT-Folly (= 2021.07.22.00)
    - React-Core
  - RNSentry (6.10.0):
    - hermes-engine
    - RCT-Folly (= 2021.07.22.00)
    - React-Core
    - React-hermes
    - Sentry/HybridSDK (= 8.48.0)
  - RNShare (10.2.1):
    - React-Core
  - RNSVG (15.1.0):
    - React-Core
  - RNVectorIcons (10.0.3):
    - RCT-Folly (= 2021.07.22.00)
    - React-Core
  - Sentry/HybridSDK (8.48.0)
  - SocketRocket (0.6.1)
  - Yoga (1.14.0)
  - Zendesk (1.13.0):
    - ZendeskSDKConversationKit (~> 1.10.0)
    - ZendeskSDKCoreUtilities (~> 1.4.0)
  - ZendeskSDKConversationKit (1.10.0):
    - ZendeskSDKCoreUtilities (~> 1.4.0)
    - ZendeskSDKFayeClient (~> 1.5.0)
    - ZendeskSDKHTTPClient (~> 0.13.0)
    - ZendeskSDKStorage (~> 0.8.0)
  - ZendeskSDKCoreUtilities (1.4.0)
  - ZendeskSDKFayeClient (1.5.0):
    - ZendeskSDKLogger (~> 0.8.0)
    - ZendeskSDKSocketClient (~> 1.5.0)
  - ZendeskSDKHTTPClient (0.13.0):
    - ZendeskSDKLogger (~> 0.8.0)
  - ZendeskSDKLogger (0.8.0)
  - ZendeskSDKMessaging (2.13.0):
    - Zendesk (~> 1.13.0)
    - ZendeskSDKConversationKit (~> 1.10.0)
    - ZendeskSDKCoreUtilities (~> 1.4.0)
    - ZendeskSDKUIComponents (~> 2.8.0)
  - ZendeskSDKSocketClient (1.5.0):
    - ZendeskSDKLogger (~> 0.8.0)
  - ZendeskSDKStorage (0.8.0):
    - ZendeskSDKLogger (~> 0.8.0)
  - ZendeskSDKUIComponents (2.8.0)

DEPENDENCIES:
  - boost (from `../node_modules/react-native/third-party-podspecs/boost.podspec`)
  - BVLinearGradient (from `../node_modules/react-native-linear-gradient`)
  - DoubleConversion (from `../node_modules/react-native/third-party-podspecs/DoubleConversion.podspec`)
  - FBLazyVector (from `../node_modules/react-native/Libraries/FBLazyVector`)
  - FBReactNativeSpec (from `../node_modules/react-native/React/FBReactNativeSpec`)
  - Firebase/Analytics
  - Firebase/Auth
  - Firebase/Core
  - glog (from `../node_modules/react-native/third-party-podspecs/glog.podspec`)
  - Google-Maps-iOS-Utils
  - hermes-engine (from `../node_modules/react-native/sdks/hermes-engine/hermes-engine.podspec`)
  - libevent (~> 2.1.12)
  - OneSignalXCFramework (= 5.2.4)
  - Permission-LocationAlways (from `../node_modules/react-native-permissions/ios/LocationAlways/Permission-LocationAlways.podspec`)
  - Permission-LocationWhenInUse (from `../node_modules/react-native-permissions/ios/LocationWhenInUse/Permission-LocationWhenInUse.podspec`)
  - RCT-Folly (from `../node_modules/react-native/third-party-podspecs/RCT-Folly.podspec`)
  - RCTRequired (from `../node_modules/react-native/Libraries/RCTRequired`)
  - RCTTypeSafety (from `../node_modules/react-native/Libraries/TypeSafety`)
  - React (from `../node_modules/react-native/`)
  - React-callinvoker (from `../node_modules/react-native/ReactCommon/callinvoker`)
  - React-Codegen (from `build/generated/ios`)
  - React-Core (from `../node_modules/react-native/`)
  - React-Core/RCTWebSocket (from `../node_modules/react-native/`)
  - React-CoreModules (from `../node_modules/react-native/React/CoreModules`)
  - React-cxxreact (from `../node_modules/react-native/ReactCommon/cxxreact`)
  - React-debug (from `../node_modules/react-native/ReactCommon/react/debug`)
  - React-hermes (from `../node_modules/react-native/ReactCommon/hermes`)
  - React-jsi (from `../node_modules/react-native/ReactCommon/jsi`)
  - React-jsiexecutor (from `../node_modules/react-native/ReactCommon/jsiexecutor`)
  - React-jsinspector (from `../node_modules/react-native/ReactCommon/jsinspector`)
  - React-logger (from `../node_modules/react-native/ReactCommon/logger`)
  - react-native-appsflyer (from `../node_modules/react-native-appsflyer`)
  - react-native-date-picker (from `../node_modules/react-native-date-picker`)
  - "react-native-geolocation (from `../node_modules/@react-native-community/geolocation`)"
  - react-native-geolocation-service (from `../node_modules/react-native-geolocation-service`)
  - react-native-google-maps (from `../node_modules/react-native-maps`)
  - react-native-maps (from `../node_modules/react-native-maps`)
  - react-native-mmkv (from `../node_modules/react-native-mmkv`)
  - "react-native-netinfo (from `../node_modules/@react-native-community/netinfo`)"
  - react-native-onesignal (from `../node_modules/react-native-onesignal`)
  - react-native-pager-view (from `../node_modules/react-native-pager-view`)
  - react-native-safe-area-context (from `../node_modules/react-native-safe-area-context`)
  - react-native-webview (from `../node_modules/react-native-webview`)
  - react-native-zendesk-messaging (from `../node_modules/react-native-zendesk-messaging`)
  - React-NativeModulesApple (from `../node_modules/react-native/ReactCommon/react/nativemodule/core/platform/ios`)
  - React-perflogger (from `../node_modules/react-native/ReactCommon/reactperflogger`)
  - React-RCTActionSheet (from `../node_modules/react-native/Libraries/ActionSheetIOS`)
  - React-RCTAnimation (from `../node_modules/react-native/Libraries/NativeAnimation`)
  - React-RCTAppDelegate (from `../node_modules/react-native/Libraries/AppDelegate`)
  - React-RCTBlob (from `../node_modules/react-native/Libraries/Blob`)
  - React-RCTImage (from `../node_modules/react-native/Libraries/Image`)
  - React-RCTLinking (from `../node_modules/react-native/Libraries/LinkingIOS`)
  - React-RCTNetwork (from `../node_modules/react-native/Libraries/Network`)
  - React-RCTSettings (from `../node_modules/react-native/Libraries/Settings`)
  - React-RCTText (from `../node_modules/react-native/Libraries/Text`)
  - React-RCTVibration (from `../node_modules/react-native/Libraries/Vibration`)
  - React-rncore (from `../node_modules/react-native/ReactCommon`)
  - React-runtimeexecutor (from `../node_modules/react-native/ReactCommon/runtimeexecutor`)
  - React-runtimescheduler (from `../node_modules/react-native/ReactCommon/react/renderer/runtimescheduler`)
  - React-utils (from `../node_modules/react-native/ReactCommon/react/utils`)
  - ReactCommon/turbomodule/core (from `../node_modules/react-native/ReactCommon`)
  - ReactNativeAvoidSoftinput (from `../node_modules/react-native-avoid-softinput`)
  - ReactNativeGetLocation (from `../node_modules/react-native-get-location`)
  - "RNAppleAuthentication (from `../node_modules/@invertase/react-native-apple-authentication`)"
  - RNBootSplash (from `../node_modules/react-native-bootsplash`)
  - "RNCAsyncStorage (from `../node_modules/@react-native-async-storage/async-storage`)"
  - "RNCClipboard (from `../node_modules/@react-native-clipboard/clipboard`)"
  - "RNCMaskedView (from `../node_modules/@react-native-masked-view/masked-view`)"
  - RNDeviceInfo (from `../node_modules/react-native-device-info`)
  - "RNFBAnalytics (from `../node_modules/@react-native-firebase/analytics`)"
  - "RNFBApp (from `../node_modules/@react-native-firebase/app`)"
  - "RNFBAuth (from `../node_modules/@react-native-firebase/auth`)"
  - "RNGoogleSignin (from `../node_modules/@react-native-google-signin/google-signin`)"
  - RNKeychain (from `../node_modules/react-native-keychain`)
  - RNPermissions (from `../node_modules/react-native-permissions`)
  - RNScreens (from `../node_modules/react-native-screens`)
  - "RNSentry (from `../node_modules/@sentry/react-native`)"
  - RNShare (from `../node_modules/react-native-share`)
  - RNSVG (from `../node_modules/react-native-svg`)
  - RNVectorIcons (from `../node_modules/react-native-vector-icons`)
  - Yoga (from `../node_modules/react-native/ReactCommon/yoga`)

SPEC REPOS:
  trunk:
    - AppAuth
    - AppsFlyerFramework
    - Firebase
    - FirebaseAnalytics
    - FirebaseAppCheckInterop
    - FirebaseAuth
    - FirebaseCore
    - FirebaseCoreInternal
    - FirebaseInstallations
    - fmt
    - Google-Maps-iOS-Utils
    - GoogleAppMeasurement
    - GoogleMaps
    - GoogleSignIn
    - GoogleUtilities
    - GTMAppAuth
    - GTMSessionFetcher
    - libevent
    - MMKV
    - MMKVCore
    - nanopb
    - OneSignalXCFramework
    - PromisesObjC
    - RecaptchaInterop
    - Sentry
    - SocketRocket
    - Zendesk
    - ZendeskSDKConversationKit
    - ZendeskSDKCoreUtilities
    - ZendeskSDKFayeClient
    - ZendeskSDKHTTPClient
    - ZendeskSDKLogger
    - ZendeskSDKMessaging
    - ZendeskSDKSocketClient
    - ZendeskSDKStorage
    - ZendeskSDKUIComponents

EXTERNAL SOURCES:
  boost:
    :podspec: "../node_modules/react-native/third-party-podspecs/boost.podspec"
  BVLinearGradient:
    :path: "../node_modules/react-native-linear-gradient"
  DoubleConversion:
    :podspec: "../node_modules/react-native/third-party-podspecs/DoubleConversion.podspec"
  FBLazyVector:
    :path: "../node_modules/react-native/Libraries/FBLazyVector"
  FBReactNativeSpec:
    :path: "../node_modules/react-native/React/FBReactNativeSpec"
  glog:
    :podspec: "../node_modules/react-native/third-party-podspecs/glog.podspec"
  hermes-engine:
    :podspec: "../node_modules/react-native/sdks/hermes-engine/hermes-engine.podspec"
  Permission-LocationAlways:
    :path: "../node_modules/react-native-permissions/ios/LocationAlways/Permission-LocationAlways.podspec"
  Permission-LocationWhenInUse:
    :path: "../node_modules/react-native-permissions/ios/LocationWhenInUse/Permission-LocationWhenInUse.podspec"
  RCT-Folly:
    :podspec: "../node_modules/react-native/third-party-podspecs/RCT-Folly.podspec"
  RCTRequired:
    :path: "../node_modules/react-native/Libraries/RCTRequired"
  RCTTypeSafety:
    :path: "../node_modules/react-native/Libraries/TypeSafety"
  React:
    :path: "../node_modules/react-native/"
  React-callinvoker:
    :path: "../node_modules/react-native/ReactCommon/callinvoker"
  React-Codegen:
    :path: build/generated/ios
  React-Core:
    :path: "../node_modules/react-native/"
  React-CoreModules:
    :path: "../node_modules/react-native/React/CoreModules"
  React-cxxreact:
    :path: "../node_modules/react-native/ReactCommon/cxxreact"
  React-debug:
    :path: "../node_modules/react-native/ReactCommon/react/debug"
  React-hermes:
    :path: "../node_modules/react-native/ReactCommon/hermes"
  React-jsi:
    :path: "../node_modules/react-native/ReactCommon/jsi"
  React-jsiexecutor:
    :path: "../node_modules/react-native/ReactCommon/jsiexecutor"
  React-jsinspector:
    :path: "../node_modules/react-native/ReactCommon/jsinspector"
  React-logger:
    :path: "../node_modules/react-native/ReactCommon/logger"
  react-native-appsflyer:
    :path: "../node_modules/react-native-appsflyer"
  react-native-date-picker:
    :path: "../node_modules/react-native-date-picker"
  react-native-geolocation:
    :path: "../node_modules/@react-native-community/geolocation"
  react-native-geolocation-service:
    :path: "../node_modules/react-native-geolocation-service"
  react-native-google-maps:
    :path: "../node_modules/react-native-maps"
  react-native-maps:
    :path: "../node_modules/react-native-maps"
  react-native-mmkv:
    :path: "../node_modules/react-native-mmkv"
  react-native-netinfo:
    :path: "../node_modules/@react-native-community/netinfo"
  react-native-onesignal:
    :path: "../node_modules/react-native-onesignal"
  react-native-pager-view:
    :path: "../node_modules/react-native-pager-view"
  react-native-safe-area-context:
    :path: "../node_modules/react-native-safe-area-context"
  react-native-webview:
    :path: "../node_modules/react-native-webview"
  react-native-zendesk-messaging:
    :path: "../node_modules/react-native-zendesk-messaging"
  React-NativeModulesApple:
    :path: "../node_modules/react-native/ReactCommon/react/nativemodule/core/platform/ios"
  React-perflogger:
    :path: "../node_modules/react-native/ReactCommon/reactperflogger"
  React-RCTActionSheet:
    :path: "../node_modules/react-native/Libraries/ActionSheetIOS"
  React-RCTAnimation:
    :path: "../node_modules/react-native/Libraries/NativeAnimation"
  React-RCTAppDelegate:
    :path: "../node_modules/react-native/Libraries/AppDelegate"
  React-RCTBlob:
    :path: "../node_modules/react-native/Libraries/Blob"
  React-RCTImage:
    :path: "../node_modules/react-native/Libraries/Image"
  React-RCTLinking:
    :path: "../node_modules/react-native/Libraries/LinkingIOS"
  React-RCTNetwork:
    :path: "../node_modules/react-native/Libraries/Network"
  React-RCTSettings:
    :path: "../node_modules/react-native/Libraries/Settings"
  React-RCTText:
    :path: "../node_modules/react-native/Libraries/Text"
  React-RCTVibration:
    :path: "../node_modules/react-native/Libraries/Vibration"
  React-rncore:
    :path: "../node_modules/react-native/ReactCommon"
  React-runtimeexecutor:
    :path: "../node_modules/react-native/ReactCommon/runtimeexecutor"
  React-runtimescheduler:
    :path: "../node_modules/react-native/ReactCommon/react/renderer/runtimescheduler"
  React-utils:
    :path: "../node_modules/react-native/ReactCommon/react/utils"
  ReactCommon:
    :path: "../node_modules/react-native/ReactCommon"
  ReactNativeAvoidSoftinput:
    :path: "../node_modules/react-native-avoid-softinput"
  ReactNativeGetLocation:
    :path: "../node_modules/react-native-get-location"
  RNAppleAuthentication:
    :path: "../node_modules/@invertase/react-native-apple-authentication"
  RNBootSplash:
    :path: "../node_modules/react-native-bootsplash"
  RNCAsyncStorage:
    :path: "../node_modules/@react-native-async-storage/async-storage"
  RNCClipboard:
    :path: "../node_modules/@react-native-clipboard/clipboard"
  RNCMaskedView:
    :path: "../node_modules/@react-native-masked-view/masked-view"
  RNDeviceInfo:
    :path: "../node_modules/react-native-device-info"
  RNFBAnalytics:
    :path: "../node_modules/@react-native-firebase/analytics"
  RNFBApp:
    :path: "../node_modules/@react-native-firebase/app"
  RNFBAuth:
    :path: "../node_modules/@react-native-firebase/auth"
  RNGoogleSignin:
    :path: "../node_modules/@react-native-google-signin/google-signin"
  RNKeychain:
    :path: "../node_modules/react-native-keychain"
  RNPermissions:
    :path: "../node_modules/react-native-permissions"
  RNScreens:
    :path: "../node_modules/react-native-screens"
  RNSentry:
    :path: "../node_modules/@sentry/react-native"
  RNShare:
    :path: "../node_modules/react-native-share"
  RNSVG:
    :path: "../node_modules/react-native-svg"
  RNVectorIcons:
    :path: "../node_modules/react-native-vector-icons"
  Yoga:
    :path: "../node_modules/react-native/ReactCommon/yoga"

SPEC CHECKSUMS:
  AppAuth: d4f13a8fe0baf391b2108511793e4b479691fb73
  AppsFlyerFramework: fe5303bffcdfd941d5f570c2d21eaaea982e7bdc
  boost: 7dcd2de282d72e344012f7d6564d024930a6a440
  BVLinearGradient: 880f91a7854faff2df62518f0281afb1c60d49a3
  DoubleConversion: 5189b271737e1565bdce30deb4a08d647e3f5f54
  FBLazyVector: 1d033b6462f2d7bdde254a5118fe5e459c3ff36d
  FBReactNativeSpec: 7cdf84cde92e07142519467b850764f8d57487ec
  Firebase: cec914dab6fd7b1bd8ab56ea07ce4e03dd251c2d
  FirebaseAnalytics: 23717de130b779aa506e757edb9713d24b6ffeda
  FirebaseAppCheckInterop: 6a1757cfd4067d8e00fccd14fcc1b8fd78cfac07
  FirebaseAuth: e2ebfaf9fb4638a1c9a3b0efd17d1b90943987cd
  FirebaseCore: 30e9c1cbe3d38f5f5e75f48bfcea87d7c358ec16
  FirebaseCoreInternal: df84dd300b561c27d5571684f389bf60b0a5c934
  FirebaseInstallations: 913cf60d0400ebd5d6b63a28b290372ab44590dd
  fmt: ff9d55029c625d3757ed641535fd4a75fedc7ce9
  glog: 04b94705f318337d7ead9e6d17c019bd9b1f6b1b
  Google-Maps-iOS-Utils: f77eab4c4326d7e6a277f8e23a0232402731913a
  GoogleAppMeasurement: f9de05ee17401e3355f68e8fc8b5064d429f5918
  GoogleMaps: 032f676450ba0779bd8ce16840690915f84e57ac
  GoogleSignIn: d4281ab6cf21542b1cfaff85c191f230b399d2db
  GoogleUtilities: ea963c370a38a8069cc5f7ba4ca849a60b6d7d15
  GTMAppAuth: f69bd07d68cd3b766125f7e072c45d7340dea0de
  GTMSessionFetcher: 5aea5ba6bd522a239e236100971f10cb71b96ab6
  hermes-engine: c22b4cc0bb1d1603b9e4faf83732be227baa55bc
  libevent: 4049cae6c81cdb3654a443be001fb9bdceff7913
  MMKV: ce484c1ac40bf76d5f09a0195d2ec5b3d3840d55
  MMKVCore: 1eb661c6c498ab88e3df9ce5d8ff94d05fcc0567
  nanopb: 438bc412db1928dac798aa6fd75726007be04262
  OneSignalXCFramework: 46ca7cd13f44fc5bec42ec3a5f4ff1548a9244d4
  Permission-LocationAlways: ea58f2c4e0fb619662f7346daba2fc5c40448676
  Permission-LocationWhenInUse: 1ecad1bbfcd5989d2e51577c7172f51498966456
  PromisesObjC: f5707f49cb48b9636751c5b2e7d227e43fba9f47
  RCT-Folly: 424b8c9a7a0b9ab2886ffe9c3b041ef628fd4fb1
  RCTRequired: 4a524af1769a10608bf423aa8c0804b10f84aec8
  RCTTypeSafety: 419b5760003f83e245fc191b53491b078d41d32e
  React: 4d173dc00be188cca5d6beef17fcc2bcddff2020
  React-callinvoker: 5f384ba1681933aaeae4ed473068dbece3cd6f67
  React-Codegen: dc75a08c3e0d7cdcec211c9f2245b9a08f8ae0a1
  React-Core: fc7617d9eb7d770feb00f6ba156bd9d4c58ac8f6
  React-CoreModules: cf5ec47f3c4dd2d4adf9dae90014d49889c0518e
  React-cxxreact: 6493d446dbfd452c670afde49c4413830af3d606
  React-debug: 0b2c3c5f5e2dd977573f304aa1ea4c28a7a7aa1e
  React-hermes: 274f400ef8507abc573c25b78cac26974ab063e6
  React-jsi: 98eac4626437059bb7e1193ce2c1b0ba078071d9
  React-jsiexecutor: 13401c2c6ddc727c74b71eb58b7590332d27d4eb
  React-jsinspector: a70e8fc7f3ae7982db27e7c114c0ec8c0714c8f5
  React-logger: 9fd8d34baa7930b42a70669ec0f0971083ae5a7b
  react-native-appsflyer: d52a08a5e687e4c2aca78519b0e258e1a82fad0a
  react-native-date-picker: 06a4d96ab525a163c7a90bccd68833d136b0bb13
  react-native-geolocation: 2c23f31c64c10030a5adc26360638a53d2d96112
  react-native-geolocation-service: 608e1da71a1ac31b4de64d9ef2815f697978c55b
  react-native-google-maps: 7aae26cd61058ca41f54ed4abb127dbe20ad9184
  react-native-maps: 4c07b21deac3ac3579558956b63e288efb8725bb
  react-native-mmkv: 38d484ccd8f5760fe0e46d206ed07add5ddda1fc
  react-native-netinfo: bdb108d340cdb41875c9ced535977cac6d2ff321
  react-native-onesignal: b2ccb145f06433f23c834be17a5f6522308e80f0
  react-native-pager-view: e26d35e382d86950c936f8917e3beb9188115ccc
  react-native-safe-area-context: b97eb6f9e3b7f437806c2ce5983f479f8eb5de4b
  react-native-webview: 90153193e679163ec257011fa457d02765120210
  react-native-zendesk-messaging: e4418f96cb02c6741cce7059972f01312eac8e0f
  React-NativeModulesApple: fd9fb8a2d2d789988f110c3c21c91fa0795fa2c7
  React-perflogger: 800d85d51d4f53efc2eec11f459919752e494db3
  React-RCTActionSheet: 02942b4c0f90bfb9a18f77bf13e486d2a6ba1b6f
  React-RCTAnimation: 3c9cf760db348530599e03f19812b18d40cf4b7d
  React-RCTAppDelegate: 1cbed662b509fa4ad83f378855a9946c159f4960
  React-RCTBlob: 2f909499042c62a1492409d11e52869db9073e64
  React-RCTImage: 6e8830f1d2e74627f2cec640928abdead9b1f2fc
  React-RCTLinking: 690800c67ca7b020eb2f84106028f77e84003679
  React-RCTNetwork: 6cc2caea3560250191059e98e5fe806e125ebdbb
  React-RCTSettings: eade7decf59d16f98a0c781ea0e5e2b085e10b1b
  React-RCTText: 22bce9d6ea071d84b90d13f21dc46e8ea7c27c84
  React-RCTVibration: d79a9c4f9e50dcc9369aaa895df2f67f1b1869a1
  React-rncore: 98bfdad629754b0d41d2d2d6f52f84a210c8d244
  React-runtimeexecutor: 898c270235ec4b605fc7585af0cd8cfa3cc1c6c7
  React-runtimescheduler: ad89a9e6705be34d127d7f320e4a7fb797ac28e6
  React-utils: cc09672a1517d768cfc545f245c78a1cae87fd49
  ReactCommon: cadee954951b13f7550766c0074dd38af2da3575
  ReactNativeAvoidSoftinput: 38b9cecfa0379c16556aeccd934fc0bcfebf6ecc
  ReactNativeGetLocation: b4379a01dff72507d9abce5f4d569b98abef7761
  RecaptchaInterop: 7d1a4a01a6b2cb1610a47ef3f85f0c411434cb21
  RNAppleAuthentication: e00c76acb03351f5544373c78fa7f359bef6d5d3
  RNBootSplash: 0177d81b7c094bbb9d7af80e77f8694922dae46d
  RNCAsyncStorage: addfc2cb6511dbe199c56c6b26ede383b6c38919
  RNCClipboard: 4411a880506f11fbcbdc03b5093eb8ffb246d900
  RNCMaskedView: 090213d32d8b3bb83a4dcb7d12c18f0152591906
  RNDeviceInfo: 4f9c7cfd6b9db1b05eb919620a001cf35b536423
  RNFBAnalytics: 43d575ae2578ed904ddb2ce9d6a519919a10197c
  RNFBApp: c8ae673f55099ef521e702eae8e1604ea75524d4
  RNFBAuth: 6af951f0e2d3f64968cd3e74c7a81a31b09a5971
  RNGoogleSignin: 9e68b9bcc3888219357924e32ee563624745647d
  RNKeychain: bfe3d12bf4620fe488771c414530bf16e88f3678
  RNPermissions: 3acba750d9146af1c33a79c013e02f8b48067acc
  RNScreens: 3c5b9f4a9dcde752466854b6109b79c0e205dad3
  RNSentry: 22541a7ab6462945687ac99e0a96151c9ee262bc
  RNShare: 0fad69ae2d71de9d1f7b9a43acf876886a6cb99c
  RNSVG: 50cf2c7018e57cf5d3522d98d0a3a4dd6bf9d093
  RNVectorIcons: 64e6a523ac30a3241efa9baf1ffbcc5e76ff747a
  Sentry: 1ca8405451040482877dcd344dfa3ef80b646631
  SocketRocket: f32cd54efbe0f095c4d7594881e52619cfe80b17
  Yoga: 76b2d5677fc9694bae53c80d0cccfc55719064a3
  Zendesk: 5e382df2c0034a0df4e43174ecbd7e9bed54b929
  ZendeskSDKConversationKit: a93d5826c299240fb7ef4fa88956bd99e6762cf4
  ZendeskSDKCoreUtilities: b44c8d51dd90ece3ef140efffe3ff5f154cfaadf
  ZendeskSDKFayeClient: a06c403c1c38adb9ae5a341a4d54632c78275a3e
  ZendeskSDKHTTPClient: 79dfe6b5e75beccb435003051a081c71e7361770
  ZendeskSDKLogger: e59c678c74a88838a0844423996cb15dd88825d5
  ZendeskSDKMessaging: 62e057ac0e68fabeb88a84409fb8b57d2a11b7de
  ZendeskSDKSocketClient: 33c0eb83b065409723559c798738bbc504b0a967
  ZendeskSDKStorage: 00d6f78a39a42b71c3730b1c39cc0a5c12690685
  ZendeskSDKUIComponents: 59fab9ac52f3ac5ef3136188da8dc38b06d100f7

PODFILE CHECKSUM: 1684df54b5628f22b29c0a5eb2e40d3f8da8e72a

COCOAPODS: 1.16.2
